
Microsoft Visual Studio Solution File, Format Version 12.00
# Visual Studio Version 17
VisualStudioVersion = 17.9.34728.123
MinimumVisualStudioVersion = 10.0.40219.1
Project("{FAE04EC0-301F-11D3-BF4B-00C04F79EFBC}") = "Aula12_Exercicio1", "Aula12_Exercicio1\Aula12_Exercicio1.csproj", "{F9097213-CA04-49D2-905D-66AFA5C88FA0}"
EndProject
Global
	GlobalSection(SolutionConfigurationPlatforms) = preSolution
		Debug|Any CPU = Debug|Any CPU
		Release|Any CPU = Release|Any CPU
	EndGlobalSection
	GlobalSection(ProjectConfigurationPlatforms) = postSolution
		{F9097213-CA04-49D2-905D-66AFA5C88FA0}.Debug|Any CPU.ActiveCfg = Debug|Any CPU
		{F9097213-CA04-49D2-905D-66AFA5C88FA0}.Debug|Any CPU.Build.0 = Debug|Any CPU
		{F9097213-CA04-49D2-905D-66AFA5C88FA0}.Release|Any CPU.ActiveCfg = Release|Any CPU
		{F9097213-CA04-49D2-905D-66AFA5C88FA0}.Release|Any CPU.Build.0 = Release|Any CPU
	EndGlobalSection
	GlobalSection(SolutionProperties) = preSolution
		HideSolutionNode = FALSE
	EndGlobalSection
	GlobalSection(ExtensibilityGlobals) = postSolution
		SolutionGuid = {C65E5DFD-4C39-48F8-8635-78352725A5E3}
	EndGlobalSection
EndGlobal
