
Microsoft Visual Studio Solution File, Format Version 12.00
# Visual Studio Version 17
VisualStudioVersion = 17.9.34728.123
MinimumVisualStudioVersion = 10.0.40219.1
Project("{FAE04EC0-301F-11D3-BF4B-00C04F79EFBC}") = "Aula11_EX1", "Aula11_EX1\Aula11_EX1.csproj", "{8CBA5169-6CE4-4E95-A625-8D3B6B791FC6}"
EndProject
Global
	GlobalSection(SolutionConfigurationPlatforms) = preSolution
		Debug|Any CPU = Debug|Any CPU
		Release|Any CPU = Release|Any CPU
	EndGlobalSection
	GlobalSection(ProjectConfigurationPlatforms) = postSolution
		{8CBA5169-6CE4-4E95-A625-8D3B6B791FC6}.Debug|Any CPU.ActiveCfg = Debug|Any CPU
		{8CBA5169-6CE4-4E95-A625-8D3B6B791FC6}.Debug|Any CPU.Build.0 = Debug|Any CPU
		{8CBA5169-6CE4-4E95-A625-8D3B6B791FC6}.Release|Any CPU.ActiveCfg = Release|Any CPU
		{8CBA5169-6CE4-4E95-A625-8D3B6B791FC6}.Release|Any CPU.Build.0 = Release|Any CPU
	EndGlobalSection
	GlobalSection(SolutionProperties) = preSolution
		HideSolutionNode = FALSE
	EndGlobalSection
	GlobalSection(ExtensibilityGlobals) = postSolution
		SolutionGuid = {57D3B718-685B-4335-8B4A-852196EE85AD}
	EndGlobalSection
EndGlobal
