
Microsoft Visual Studio Solution File, Format Version 12.00
# Visual Studio Version 17
VisualStudioVersion = 17.9.34728.123
MinimumVisualStudioVersion = 10.0.40219.1
Project("{FAE04EC0-301F-11D3-BF4B-00C04F79EFBC}") = "Aula11_Ex3", "Aula11_Ex3\Aula11_Ex3.csproj", "{612464B7-F69A-4164-9D88-23FF9A15BBDD}"
EndProject
Global
	GlobalSection(SolutionConfigurationPlatforms) = preSolution
		Debug|Any CPU = Debug|Any CPU
		Release|Any CPU = Release|Any CPU
	EndGlobalSection
	GlobalSection(ProjectConfigurationPlatforms) = postSolution
		{612464B7-F69A-4164-9D88-23FF9A15BBDD}.Debug|Any CPU.ActiveCfg = Debug|Any CPU
		{612464B7-F69A-4164-9D88-23FF9A15BBDD}.Debug|Any CPU.Build.0 = Debug|Any CPU
		{612464B7-F69A-4164-9D88-23FF9A15BBDD}.Release|Any CPU.ActiveCfg = Release|Any CPU
		{612464B7-F69A-4164-9D88-23FF9A15BBDD}.Release|Any CPU.Build.0 = Release|Any CPU
	EndGlobalSection
	GlobalSection(SolutionProperties) = preSolution
		HideSolutionNode = FALSE
	EndGlobalSection
	GlobalSection(ExtensibilityGlobals) = postSolution
		SolutionGuid = {93BD95CB-4EAD-43C8-8D9A-FF3034D20B4F}
	EndGlobalSection
EndGlobal
